
Microsoft Visual Studio Solution File, Format Version 12.00
# Visual Studio 2013
VisualStudioVersion = 12.0.31101.0
MinimumVisualStudioVersion = 10.0.40219.1
Project("{FAE04EC0-301F-11D3-BF4B-00C04F79EFBC}") = "UM007.DesignPatternTest.StrategyPattern", "UM007.DesignPatternTest.StrategyPattern\UM007.DesignPatternTest.StrategyPattern.csproj", "{DDC322E0-91F8-4F5B-876F-0B2E0CA6326F}"
EndProject
Project("{FAE04EC0-301F-11D3-BF4B-00C04F79EFBC}") = "UM007.DesignPatternTest.ObserverPattern", "UM007.DesignPatternTest.ObserverPattern\UM007.DesignPatternTest.ObserverPattern.csproj", "{883B85EE-CE99-419B-B0CE-5255E3F348E7}"
EndProject
Global
	GlobalSection(SolutionConfigurationPlatforms) = preSolution
		Debug|Any CPU = Debug|Any CPU
		Release|Any CPU = Release|Any CPU
	EndGlobalSection
	GlobalSection(ProjectConfigurationPlatforms) = postSolution
		{DDC322E0-91F8-4F5B-876F-0B2E0CA6326F}.Debug|Any CPU.ActiveCfg = Debug|Any CPU
		{DDC322E0-91F8-4F5B-876F-0B2E0CA6326F}.Debug|Any CPU.Build.0 = Debug|Any CPU
		{DDC322E0-91F8-4F5B-876F-0B2E0CA6326F}.Release|Any CPU.ActiveCfg = Release|Any CPU
		{DDC322E0-91F8-4F5B-876F-0B2E0CA6326F}.Release|Any CPU.Build.0 = Release|Any CPU
		{883B85EE-CE99-419B-B0CE-5255E3F348E7}.Debug|Any CPU.ActiveCfg = Debug|Any CPU
		{883B85EE-CE99-419B-B0CE-5255E3F348E7}.Debug|Any CPU.Build.0 = Debug|Any CPU
		{883B85EE-CE99-419B-B0CE-5255E3F348E7}.Release|Any CPU.ActiveCfg = Release|Any CPU
		{883B85EE-CE99-419B-B0CE-5255E3F348E7}.Release|Any CPU.Build.0 = Release|Any CPU
	EndGlobalSection
	GlobalSection(SolutionProperties) = preSolution
		HideSolutionNode = FALSE
	EndGlobalSection
EndGlobal
