
Microsoft Visual Studio Solution File, Format Version 12.00
# Visual Studio 2013
VisualStudioVersion = 12.0.31101.0
MinimumVisualStudioVersion = 10.0.40219.1
Project("{FAE04EC0-301F-11D3-BF4B-00C04F79EFBC}") = "UM007.DesignPatternTest.StrategyPattern", "UM007.DesignPatternTest.StrategyPattern\UM007.DesignPatternTest.StrategyPattern.csproj", "{DDC322E0-91F8-4F5B-876F-0B2E0CA6326F}"
EndProject
Project("{FAE04EC0-301F-11D3-BF4B-00C04F79EFBC}") = "UM007.DesignPatternTest.ObserverPattern", "UM007.DesignPatternTest.ObserverPattern\UM007.DesignPatternTest.ObserverPattern.csproj", "{883B85EE-CE99-419B-B0CE-5255E3F348E7}"
EndProject
Project("{FAE04EC0-301F-11D3-BF4B-00C04F79EFBC}") = "UM007.DesignPatternTest.DecoratorPattern", "UM007.DesignPatternTest.DecoratorPattern\UM007.DesignPatternTest.DecoratorPattern.csproj", "{4046D6D2-B0BD-4F0D-8F7A-EFA7071E47AF}"
EndProject
Project("{FAE04EC0-301F-11D3-BF4B-00C04F79EFBC}") = "UM007.DesignPatternTest.SimpleFactoryPattern", "UM007.DesignPatternTest.SimpleFactoryPattern\UM007.DesignPatternTest.SimpleFactoryPattern.csproj", "{C2379241-28BC-4914-AF90-82AE7D2FBDEF}"
EndProject
Project("{FAE04EC0-301F-11D3-BF4B-00C04F79EFBC}") = "UM007.DesignPatternTest.FactoryMethodPattern", "UM007.DesignPatternTest.FactoryMethodPattern\UM007.DesignPatternTest.FactoryMethodPattern.csproj", "{D6206E29-6A29-47A8-B3F6-DDF860C68D07}"
EndProject
Project("{FAE04EC0-301F-11D3-BF4B-00C04F79EFBC}") = "UM007.DesignPatternTest.AbstractFactoryPattern", "UM007.DesignPatternTest.AbstractFactoryPattern\UM007.DesignPatternTest.AbstractFactoryPattern.csproj", "{EA2FCE38-D35F-4940-8552-3387A99625B6}"
EndProject
Project("{FAE04EC0-301F-11D3-BF4B-00C04F79EFBC}") = "UM007.DesignPatternTest.SingletonPattern", "UM007.DesignPatternTest.SingletonPattern\UM007.DesignPatternTest.SingletonPattern.csproj", "{076669DC-D7B0-44A5-ACE2-9B6DA0DDA126}"
EndProject
Project("{FAE04EC0-301F-11D3-BF4B-00C04F79EFBC}") = "UM007.DesignPatternTest.CommandPattern", "UM007.DesignPatternTest.CommandPattern\UM007.DesignPatternTest.CommandPattern.csproj", "{D15379EF-4D90-4689-8B28-B15BD0AB7B02}"
EndProject
Project("{FAE04EC0-301F-11D3-BF4B-00C04F79EFBC}") = "UM007.DesignPatternTest.AdapterPattern", "UM007.DesignPatternTest.AdapterPattern\UM007.DesignPatternTest.AdapterPattern.csproj", "{A5AD7792-AFC9-4B06-85EC-FA526DBA9752}"
EndProject
Project("{FAE04EC0-301F-11D3-BF4B-00C04F79EFBC}") = "UM007.DesignPatternTest.FacadePattern", "UM007.DesignPatternTest.FacadePattern\UM007.DesignPatternTest.FacadePattern.csproj", "{D9E43F23-B20D-47AE-9A87-EBB77F219E72}"
EndProject
Project("{FAE04EC0-301F-11D3-BF4B-00C04F79EFBC}") = "UM007.DesignPatternTest.TemplateMethodPattern", "UM007.DesignPatternTest.TemplateMethodPattern\UM007.DesignPatternTest.TemplateMethodPattern.csproj", "{78434BBF-D64A-4F4D-A295-ED0330E2412D}"
EndProject
Project("{FAE04EC0-301F-11D3-BF4B-00C04F79EFBC}") = "UM007.DesignPatternTest.IteratorPattern", "UM007.DesignPatternTest.IteratorPattern\UM007.DesignPatternTest.IteratorPattern.csproj", "{20084F7F-1F91-4475-B773-DE4FA7A151E9}"
EndProject
Project("{FAE04EC0-301F-11D3-BF4B-00C04F79EFBC}") = "UM007.DesignPatternTest.CompositePattern", "UM007.DesignPatternTest.CompositePattern\UM007.DesignPatternTest.CompositePattern.csproj", "{CC950EC3-C223-4910-9951-17D1032EAEA4}"
EndProject
Project("{FAE04EC0-301F-11D3-BF4B-00C04F79EFBC}") = "UM007.DesignPatternTest.StatePattern", "UM007.DesignPatternTest.StatePattern\UM007.DesignPatternTest.StatePattern.csproj", "{6A41A665-941C-466B-83AD-E865ADA023DC}"
EndProject
Global
	GlobalSection(SolutionConfigurationPlatforms) = preSolution
		Debug|Any CPU = Debug|Any CPU
		Release|Any CPU = Release|Any CPU
	EndGlobalSection
	GlobalSection(ProjectConfigurationPlatforms) = postSolution
		{DDC322E0-91F8-4F5B-876F-0B2E0CA6326F}.Debug|Any CPU.ActiveCfg = Debug|Any CPU
		{DDC322E0-91F8-4F5B-876F-0B2E0CA6326F}.Debug|Any CPU.Build.0 = Debug|Any CPU
		{DDC322E0-91F8-4F5B-876F-0B2E0CA6326F}.Release|Any CPU.ActiveCfg = Release|Any CPU
		{DDC322E0-91F8-4F5B-876F-0B2E0CA6326F}.Release|Any CPU.Build.0 = Release|Any CPU
		{883B85EE-CE99-419B-B0CE-5255E3F348E7}.Debug|Any CPU.ActiveCfg = Debug|Any CPU
		{883B85EE-CE99-419B-B0CE-5255E3F348E7}.Debug|Any CPU.Build.0 = Debug|Any CPU
		{883B85EE-CE99-419B-B0CE-5255E3F348E7}.Release|Any CPU.ActiveCfg = Release|Any CPU
		{883B85EE-CE99-419B-B0CE-5255E3F348E7}.Release|Any CPU.Build.0 = Release|Any CPU
		{4046D6D2-B0BD-4F0D-8F7A-EFA7071E47AF}.Debug|Any CPU.ActiveCfg = Debug|Any CPU
		{4046D6D2-B0BD-4F0D-8F7A-EFA7071E47AF}.Debug|Any CPU.Build.0 = Debug|Any CPU
		{4046D6D2-B0BD-4F0D-8F7A-EFA7071E47AF}.Release|Any CPU.ActiveCfg = Release|Any CPU
		{4046D6D2-B0BD-4F0D-8F7A-EFA7071E47AF}.Release|Any CPU.Build.0 = Release|Any CPU
		{C2379241-28BC-4914-AF90-82AE7D2FBDEF}.Debug|Any CPU.ActiveCfg = Debug|Any CPU
		{C2379241-28BC-4914-AF90-82AE7D2FBDEF}.Debug|Any CPU.Build.0 = Debug|Any CPU
		{C2379241-28BC-4914-AF90-82AE7D2FBDEF}.Release|Any CPU.ActiveCfg = Release|Any CPU
		{C2379241-28BC-4914-AF90-82AE7D2FBDEF}.Release|Any CPU.Build.0 = Release|Any CPU
		{D6206E29-6A29-47A8-B3F6-DDF860C68D07}.Debug|Any CPU.ActiveCfg = Debug|Any CPU
		{D6206E29-6A29-47A8-B3F6-DDF860C68D07}.Debug|Any CPU.Build.0 = Debug|Any CPU
		{D6206E29-6A29-47A8-B3F6-DDF860C68D07}.Release|Any CPU.ActiveCfg = Release|Any CPU
		{D6206E29-6A29-47A8-B3F6-DDF860C68D07}.Release|Any CPU.Build.0 = Release|Any CPU
		{EA2FCE38-D35F-4940-8552-3387A99625B6}.Debug|Any CPU.ActiveCfg = Debug|Any CPU
		{EA2FCE38-D35F-4940-8552-3387A99625B6}.Debug|Any CPU.Build.0 = Debug|Any CPU
		{EA2FCE38-D35F-4940-8552-3387A99625B6}.Release|Any CPU.ActiveCfg = Release|Any CPU
		{EA2FCE38-D35F-4940-8552-3387A99625B6}.Release|Any CPU.Build.0 = Release|Any CPU
		{076669DC-D7B0-44A5-ACE2-9B6DA0DDA126}.Debug|Any CPU.ActiveCfg = Debug|Any CPU
		{076669DC-D7B0-44A5-ACE2-9B6DA0DDA126}.Debug|Any CPU.Build.0 = Debug|Any CPU
		{076669DC-D7B0-44A5-ACE2-9B6DA0DDA126}.Release|Any CPU.ActiveCfg = Release|Any CPU
		{076669DC-D7B0-44A5-ACE2-9B6DA0DDA126}.Release|Any CPU.Build.0 = Release|Any CPU
		{D15379EF-4D90-4689-8B28-B15BD0AB7B02}.Debug|Any CPU.ActiveCfg = Debug|Any CPU
		{D15379EF-4D90-4689-8B28-B15BD0AB7B02}.Debug|Any CPU.Build.0 = Debug|Any CPU
		{D15379EF-4D90-4689-8B28-B15BD0AB7B02}.Release|Any CPU.ActiveCfg = Release|Any CPU
		{D15379EF-4D90-4689-8B28-B15BD0AB7B02}.Release|Any CPU.Build.0 = Release|Any CPU
		{A5AD7792-AFC9-4B06-85EC-FA526DBA9752}.Debug|Any CPU.ActiveCfg = Debug|Any CPU
		{A5AD7792-AFC9-4B06-85EC-FA526DBA9752}.Debug|Any CPU.Build.0 = Debug|Any CPU
		{A5AD7792-AFC9-4B06-85EC-FA526DBA9752}.Release|Any CPU.ActiveCfg = Release|Any CPU
		{A5AD7792-AFC9-4B06-85EC-FA526DBA9752}.Release|Any CPU.Build.0 = Release|Any CPU
		{D9E43F23-B20D-47AE-9A87-EBB77F219E72}.Debug|Any CPU.ActiveCfg = Debug|Any CPU
		{D9E43F23-B20D-47AE-9A87-EBB77F219E72}.Debug|Any CPU.Build.0 = Debug|Any CPU
		{D9E43F23-B20D-47AE-9A87-EBB77F219E72}.Release|Any CPU.ActiveCfg = Release|Any CPU
		{D9E43F23-B20D-47AE-9A87-EBB77F219E72}.Release|Any CPU.Build.0 = Release|Any CPU
		{78434BBF-D64A-4F4D-A295-ED0330E2412D}.Debug|Any CPU.ActiveCfg = Debug|Any CPU
		{78434BBF-D64A-4F4D-A295-ED0330E2412D}.Debug|Any CPU.Build.0 = Debug|Any CPU
		{78434BBF-D64A-4F4D-A295-ED0330E2412D}.Release|Any CPU.ActiveCfg = Release|Any CPU
		{78434BBF-D64A-4F4D-A295-ED0330E2412D}.Release|Any CPU.Build.0 = Release|Any CPU
		{20084F7F-1F91-4475-B773-DE4FA7A151E9}.Debug|Any CPU.ActiveCfg = Debug|Any CPU
		{20084F7F-1F91-4475-B773-DE4FA7A151E9}.Debug|Any CPU.Build.0 = Debug|Any CPU
		{20084F7F-1F91-4475-B773-DE4FA7A151E9}.Release|Any CPU.ActiveCfg = Release|Any CPU
		{20084F7F-1F91-4475-B773-DE4FA7A151E9}.Release|Any CPU.Build.0 = Release|Any CPU
		{CC950EC3-C223-4910-9951-17D1032EAEA4}.Debug|Any CPU.ActiveCfg = Debug|Any CPU
		{CC950EC3-C223-4910-9951-17D1032EAEA4}.Debug|Any CPU.Build.0 = Debug|Any CPU
		{CC950EC3-C223-4910-9951-17D1032EAEA4}.Release|Any CPU.ActiveCfg = Release|Any CPU
		{CC950EC3-C223-4910-9951-17D1032EAEA4}.Release|Any CPU.Build.0 = Release|Any CPU
		{6A41A665-941C-466B-83AD-E865ADA023DC}.Debug|Any CPU.ActiveCfg = Debug|Any CPU
		{6A41A665-941C-466B-83AD-E865ADA023DC}.Debug|Any CPU.Build.0 = Debug|Any CPU
		{6A41A665-941C-466B-83AD-E865ADA023DC}.Release|Any CPU.ActiveCfg = Release|Any CPU
		{6A41A665-941C-466B-83AD-E865ADA023DC}.Release|Any CPU.Build.0 = Release|Any CPU
	EndGlobalSection
	GlobalSection(SolutionProperties) = preSolution
		HideSolutionNode = FALSE
	EndGlobalSection
EndGlobal
